// !$*UTF8*$!
{
	archiveVersion = 1;
	classes = {
	};
	objectVersion = 50;
	objects = {

/* Begin PBXBuildFile section */
		ED2AA9B520CCB0AC00CA2214 /* AppDelegate.swift in Sources */ = {isa = PBXBuildFile; fileRef = ED2AA9B420CCB0AC00CA2214 /* AppDelegate.swift */; };
		ED2AA9B720CCB0AC00CA2214 /* ViewController.swift in Sources */ = {isa = PBXBuildFile; fileRef = ED2AA9B620CCB0AC00CA2214 /* ViewController.swift */; };
		ED2AA9BA20CCB0AC00CA2214 /* Main.storyboard in Resources */ = {isa = PBXBuildFile; fileRef = ED2AA9B820CCB0AC00CA2214 /* Main.storyboard */; };
		ED2AA9BC20CCB0AF00CA2214 /* Assets.xcassets in Resources */ = {isa = PBXBuildFile; fileRef = ED2AA9BB20CCB0AF00CA2214 /* Assets.xcassets */; };
		ED2AA9BF20CCB0AF00CA2214 /* LaunchScreen.storyboard in Resources */ = {isa = PBXBuildFile; fileRef = ED2AA9BD20CCB0AF00CA2214 /* LaunchScreen.storyboard */; };
/* End PBXBuildFile section */

/* Begin PBXFileReference section */
		ED2AA9B120CCB0AC00CA2214 /* xcode-github-test.app */ = {isa = PBXFileReference; explicitFileType = wrapper.application; includeInIndex = 0; path = "xcode-github-test.app"; sourceTree = BUILT_PRODUCTS_DIR; };
		ED2AA9B420CCB0AC00CA2214 /* AppDelegate.swift */ = {isa = PBXFileReference; lastKnownFileType = sourcecode.swift; path = AppDelegate.swift; sourceTree = "<group>"; };
		ED2AA9B620CCB0AC00CA2214 /* ViewController.swift */ = {isa = PBXFileReference; lastKnownFileType = sourcecode.swift; path = ViewController.swift; sourceTree = "<group>"; };
		ED2AA9B920CCB0AC00CA2214 /* Base */ = {isa = PBXFileReference; lastKnownFileType = file.storyboard; name = Base; path = Base.lproj/Main.storyboard; sourceTree = "<group>"; };
		ED2AA9BB20CCB0AF00CA2214 /* Assets.xcassets */ = {isa = PBXFileReference; lastKnownFileType = folder.assetcatalog; path = Assets.xcassets; sourceTree = "<group>"; };
		ED2AA9BE20CCB0AF00CA2214 /* Base */ = {isa = PBXFileReference; lastKnownFileType = file.storyboard; name = Base; path = Base.lproj/LaunchScreen.storyboard; sourceTree = "<group>"; };
		ED2AA9C020CCB0AF00CA2214 /* Info.plist */ = {isa = PBXFileReference; lastKnownFileType = text.plist.xml; path = Info.plist; sourceTree = "<group>"; };
/* End PBXFileReference section */

/* Begin PBXFrameworksBuildPhase section */
		ED2AA9AE20CCB0AC00CA2214 /* Frameworks */ = {
			isa = PBXFrameworksBuildPhase;
			buildActionMask = 2147483647;
			files = (
			);
			runOnlyForDeploymentPostprocessing = 0;
		};
/* End PBXFrameworksBuildPhase section */

/* Begin PBXGroup section */
		ED2AA9A820CCB0AC00CA2214 = {
			isa = PBXGroup;
			children = (
				ED2AA9B320CCB0AC00CA2214 /* xcode-github-test */,
				ED2AA9B220CCB0AC00CA2214 /* Products */,
			);
			sourceTree = "<group>";
		};
		ED2AA9B220CCB0AC00CA2214 /* Products */ = {
			isa = PBXGroup;
			children = (
				ED2AA9B120CCB0AC00CA2214 /* xcode-github-test.app */,
			);
			name = Products;
			sourceTree = "<group>";
		};
		ED2AA9B320CCB0AC00CA2214 /* xcode-github-test */ = {
			isa = PBXGroup;
			children = (
				ED2AA9B420CCB0AC00CA2214 /* AppDelegate.swift */,
				ED2AA9B620CCB0AC00CA2214 /* ViewController.swift */,
				ED2AA9B820CCB0AC00CA2214 /* Main.storyboard */,
				ED2AA9BB20CCB0AF00CA2214 /* Assets.xcassets */,
				ED2AA9BD20CCB0AF00CA2214 /* LaunchScreen.storyboard */,
				ED2AA9C020CCB0AF00CA2214 /* Info.plist */,
			);
			path = "xcode-github-test";
			sourceTree = "<group>";
		};
/* End PBXGroup section */

/* Begin PBXNativeTarget section */
		ED2AA9B020CCB0AC00CA2214 /* xcode-github-test */ = {
			isa = PBXNativeTarget;
			buildConfigurationList = ED2AA9C320CCB0AF00CA2214 /* Build configuration list for PBXNativeTarget "xcode-github-test" */;
			buildPhases = (
				ED2AA9AD20CCB0AC00CA2214 /* Sources */,
				ED2AA9AE20CCB0AC00CA2214 /* Frameworks */,
				ED2AA9AF20CCB0AC00CA2214 /* Resources */,
			);
			buildRules = (
			);
			dependencies = (
			);
			name = "xcode-github-test";
			productName = "xcode-github-test";
			productReference = ED2AA9B120CCB0AC00CA2214 /* xcode-github-test.app */;
			productType = "com.apple.product-type.application";
		};
/* End PBXNativeTarget section */

/* Begin PBXProject section */
		ED2AA9A920CCB0AC00CA2214 /* Project object */ = {
			isa = PBXProject;
			attributes = {
				LastSwiftUpdateCheck = 0940;
				LastUpgradeCheck = 0940;
				ORGANIZATIONNAME = "Kirill Strelkin";
				TargetAttributes = {
					ED2AA9B020CCB0AC00CA2214 = {
						CreatedOnToolsVersion = 9.4;
					};
				};
			};
			buildConfigurationList = ED2AA9AC20CCB0AC00CA2214 /* Build configuration list for PBXProject "xcode-github-test" */;
			compatibilityVersion = "Xcode 9.3";
			developmentRegion = en;
			hasScannedForEncodings = 0;
			knownRegions = (
				en,
				Base,
			);
			mainGroup = ED2AA9A820CCB0AC00CA2214;
			productRefGroup = ED2AA9B220CCB0AC00CA2214 /* Products */;
			projectDirPath = "";
			projectRoot = "";
			targets = (
				ED2AA9B020CCB0AC00CA2214 /* xcode-github-test */,
			);
		};
/* End PBXProject section */

/* Begin PBXResourcesBuildPhase section */
		ED2AA9AF20CCB0AC00CA2214 /* Resources */ = {
			isa = PBXResourcesBuildPhase;
			buildActionMask = 2147483647;
			files = (
				ED2AA9BF20CCB0AF00CA2214 /* LaunchScreen.storyboard in Resources */,
				ED2AA9BC20CCB0AF00CA2214 /* Assets.xcassets in Resources */,
				ED2AA9BA20CCB0AC00CA2214 /* Main.storyboard in Resources */,
			);
			runOnlyForDeploymentPostprocessing = 0;
		};
/* End PBXResourcesBuildPhase section */

/* Begin PBXSourcesBuildPhase section */
		ED2AA9AD20CCB0AC00CA2214 /* Sources */ = {
			isa = PBXSourcesBuildPhase;
			buildActionMask = 2147483647;
			files = (
				ED2AA9B720CCB0AC00CA2214 /* ViewController.swift in Sources */,
				ED2AA9B520CCB0AC00CA2214 /* AppDelegate.swift in Sources */,
			);
			runOnlyForDeploymentPostprocessing = 0;
		};
/* End PBXSourcesBuildPhase section */

/* Begin PBXVariantGroup section */
		ED2AA9B820CCB0AC00CA2214 /* Main.storyboard */ = {
			isa = PBXVariantGroup;
			children = (
				ED2AA9B920CCB0AC00CA2214 /* Base */,
			);
			name = Main.storyboard;
			sourceTree = "<group>";
		};
		ED2AA9BD20CCB0AF00CA2214 /* LaunchScreen.storyboard */ = {
			isa = PBXVariantGroup;
			children = (
				ED2AA9BE20CCB0AF00CA2214 /* Base */,
			);
			name = LaunchScreen.storyboard;
			sourceTree = "<group>";
		};
/* End PBXVariantGroup section */

/* Begin XCBuildConfiguration section */
		ED2AA9C120CCB0AF00CA2214 /* Debug */ = {
			isa = XCBuildConfiguration;
			buildSettings = {
				ALWAYS_SEARCH_USER_PATHS = NO;
				CLANG_ANALYZER_NONNULL = YES;
				CLANG_ANALYZER_NUMBER_OBJECT_CONVERSION = YES_AGGRESSIVE;
				CLANG_CXX_LANGUAGE_STANDARD = "gnu++14";
				CLANG_CXX_LIBRARY = "libc++";
				CLANG_ENABLE_MODULES = YES;
				CLANG_ENABLE_OBJC_ARC = YES;
				CLANG_ENABLE_OBJC_WEAK = YES;
				CLANG_WARN_BLOCK_CAPTURE_AUTORELEASING = YES;
				CLANG_WARN_BOOL_CONVERSION = YES;
				CLANG_WARN_COMMA = YES;
				CLANG_WARN_CONSTANT_CONVERSION = YES;
				CLANG_WARN_DEPRECATED_OBJC_IMPLEMENTATIONS = YES;
				CLANG_WARN_DIRECT_OBJC_ISA_USAGE = YES_ERROR;
				CLANG_WARN_DOCUMENTATION_COMMENTS = YES;
				CLANG_WARN_EMPTY_BODY = YES;
				CLANG_WARN_ENUM_CONVERSION = YES;
				CLANG_WARN_INFINITE_RECURSION = YES;
				CLANG_WARN_INT_CONVERSION = YES;
				CLANG_WARN_NON_LITERAL_NULL_CONVERSION = YES;
				CLANG_WARN_OBJC_IMPLICIT_RETAIN_SELF = YES;
				CLANG_WARN_OBJC_LITERAL_CONVERSION = YES;
				CLANG_WARN_OBJC_ROOT_CLASS = YES_ERROR;
				CLANG_WARN_RANGE_LOOP_ANALYSIS = YES;
				CLANG_WARN_STRICT_PROTOTYPES = YES;
				CLANG_WARN_SUSPICIOUS_MOVE = YES;
				CLANG_WARN_UNGUARDED_AVAILABILITY = YES_AGGRESSIVE;
				CLANG_WARN_UNREACHABLE_CODE = YES;
				CLANG_WARN__DUPLICATE_METHOD_MATCH = YES;
				CODE_SIGN_IDENTITY = "iPhone Developer";
				COPY_PHASE_STRIP = NO;
				DEBUG_INFORMATION_FORMAT = dwarf;
				ENABLE_STRICT_OBJC_MSGSEND = YES;
				ENABLE_TESTABILITY = YES;
				GCC_C_LANGUAGE_STANDARD = gnu11;
				GCC_DYNAMIC_NO_PIC = NO;
				GCC_NO_COMMON_BLOCKS = YES;
				GCC_OPTIMIZATION_LEVEL = 0;
				GCC_PREPROCESSOR_DEFINITIONS = (
					"DEBUG=1",
					"$(inherited)",
				);
				GCC_WARN_64_TO_32_BIT_CONVERSION = YES;
				GCC_WARN_ABOUT_RETURN_TYPE = YES_ERROR;
				GCC_WARN_UNDECLARED_SELECTOR = YES;
				GCC_WARN_UNINITIALIZED_AUTOS = YES_AGGRESSIVE;
				GCC_WARN_UNUSED_FUNCTION = YES;
				GCC_WARN_UNUSED_VARIABLE = YES;
				IPHONEOS_DEPLOYMENT_TARGET = 11.4;
				MTL_ENABLE_DEBUG_INFO = YES;
				ONLY_ACTIVE_ARCH = YES;
				SDKROOT = iphoneos;
				SWIFT_ACTIVE_COMPILATION_CONDITIONS = DEBUG;
				SWIFT_OPTIMIZATION_LEVEL = "-Onone";
			};
			name = Debug;
		};
		ED2AA9C220CCB0AF00CA2214 /* Release */ = {
			isa = XCBuildConfiguration;
			buildSettings = {
				ALWAYS_SEARCH_USER_PATHS = NO;
				CLANG_ANALYZER_NONNULL = YES;
				CLANG_ANALYZER_NUMBER_OBJECT_CONVERSION = YES_AGGRESSIVE;
				CLANG_CXX_LANGUAGE_STANDARD = "gnu++14";
				CLANG_CXX_LIBRARY = "libc++";
				CLANG_ENABLE_MODULES = YES;
				CLANG_ENABLE_OBJC_ARC = YES;
				CLANG_ENABLE_OBJC_WEAK = YES;
				CLANG_WARN_BLOCK_CAPTURE_AUTORELEASING = YES;
				CLANG_WARN_BOOL_CONVERSION = YES;
				CLANG_WARN_COMMA = YES;
				CLANG_WARN_CONSTANT_CONVERSION = YES;
				CLANG_WARN_DEPRECATED_OBJC_IMPLEMENTATIONS = YES;
				CLANG_WARN_DIRECT_OBJC_ISA_USAGE = YES_ERROR;
				CLANG_WARN_DOCUMENTATION_COMMENTS = YES;
				CLANG_WARN_EMPTY_BODY = YES;
				CLANG_WARN_ENUM_CONVERSION = YES;
				CLANG_WARN_INFINITE_RECURSION = YES;
				CLANG_WARN_INT_CONVERSION = YES;
				CLANG_WARN_NON_LITERAL_NULL_CONVERSION = YES;
				CLANG_WARN_OBJC_IMPLICIT_RETAIN_SELF = YES;
				CLANG_WARN_OBJC_LITERAL_CONVERSION = YES;
				CLANG_WARN_OBJC_ROOT_CLASS = YES_ERROR;
				CLANG_WARN_RANGE_LOOP_ANALYSIS = YES;
				CLANG_WARN_STRICT_PROTOTYPES = YES;
				CLANG_WARN_SUSPICIOUS_MOVE = YES;
				CLANG_WARN_UNGUARDED_AVAILABILITY = YES_AGGRESSIVE;
				CLANG_WARN_UNREACHABLE_CODE = YES;
				CLANG_WARN__DUPLICATE_METHOD_MATCH = YES;
				CODE_SIGN_IDENTITY = "iPhone Developer";
				COPY_PHASE_STRIP = NO;
				DEBUG_INFORMATION_FORMAT = "dwarf-with-dsym";
				ENABLE_NS_ASSERTIONS = NO;
				ENABLE_STRICT_OBJC_MSGSEND = YES;
				GCC_C_LANGUAGE_STANDARD = gnu11;
				GCC_NO_COMMON_BLOCKS = YES;
				GCC_WARN_64_TO_32_BIT_CONVERSION = YES;
				GCC_WARN_ABOUT_RETURN_TYPE = YES_ERROR;
				GCC_WARN_UNDECLARED_SELECTOR = YES;
				GCC_WARN_UNINITIALIZED_AUTOS = YES_AGGRESSIVE;
				GCC_WARN_UNUSED_FUNCTION = YES;
				GCC_WARN_UNUSED_VARIABLE = YES;
				IPHONEOS_DEPLOYMENT_TARGET = 11.4;
				MTL_ENABLE_DEBUG_INFO = NO;
				SDKROOT = iphoneos;
				SWIFT_COMPILATION_MODE = wholemodule;
				SWIFT_OPTIMIZATION_LEVEL = "-O";
				VALIDATE_PRODUCT = YES;
			};
			name = Release;
		};
		ED2AA9C420CCB0AF00CA2214 /* Debug */ = {
			isa = XCBuildConfiguration;
			buildSettings = {
				ASSETCATALOG_COMPILER_APPICON_NAME = AppIcon;
				CODE_SIGN_STYLE = Automatic;
				DEVELOPMENT_TEAM = S342D3JCLA;
				INFOPLIST_FILE = "xcode-github-test/Info.plist";
				LD_RUNPATH_SEARCH_PATHS = (
					"$(inherited)",
					"@executable_path/Frameworks",
				);
				PRODUCT_BUNDLE_IDENTIFIER = "com.stkirill.xcode-github-test";
				PRODUCT_NAME = "$(TARGET_NAME)";
				SWIFT_VERSION = 4.0;
				TARGETED_DEVICE_FAMILY = "1,2";
			};
			name = Debug;
		};
		ED2AA9C520CCB0AF00CA2214 /* Release */ = {
			isa = XCBuildConfiguration;
			buildSettings = {
				ASSETCATALOG_COMPILER_APPICON_NAME = AppIcon;
				CODE_SIGN_STYLE = Automatic;
				DEVELOPMENT_TEAM = S342D3JCLA;
				INFOPLIST_FILE = "xcode-github-test/Info.plist";
				LD_RUNPATH_SEARCH_PATHS = (
					"$(inherited)",
					"@executable_path/Frameworks",
				);
				PRODUCT_BUNDLE_IDENTIFIER = "com.stkirill.xcode-github-test";
				PRODUCT_NAME = "$(TARGET_NAME)";
				SWIFT_VERSION = 4.0;
				TARGETED_DEVICE_FAMILY = "1,2";
			};
			name = Release;
		};
/* End XCBuildConfiguration section */

/* Begin XCConfigurationList section */
		ED2AA9AC20CCB0AC00CA2214 /* Build configuration list for PBXProject "xcode-github-test" */ = {
			isa = XCConfigurationList;
			buildConfigurations = (
				ED2AA9C120CCB0AF00CA2214 /* Debug */,
				ED2AA9C220CCB0AF00CA2214 /* Release */,
			);
			defaultConfigurationIsVisible = 0;
			defaultConfigurationName = Release;
		};
		ED2AA9C320CCB0AF00CA2214 /* Build configuration list for PBXNativeTarget "xcode-github-test" */ = {
			isa = XCConfigurationList;
			buildConfigurations = (
				ED2AA9C420CCB0AF00CA2214 /* Debug */,
				ED2AA9C520CCB0AF00CA2214 /* Release */,
			);
			defaultConfigurationIsVisible = 0;
			defaultConfigurationName = Release;
		};
/* End XCConfigurationList section */
	};
	rootObject = ED2AA9A920CCB0AC00CA2214 /* Project object */;
}
